
Microsoft Visual Studio Solution File, Format Version 12.00
# Visual Studio 2015
Project("{FAE04EC0-301F-11D3-BF4B-00C04F79EFBC}") = "Thrower3500", "Thrower3500.csproj", "{3E6E226C-D6B5-2ABC-01E3-C01DF12FB391}"
EndProject
Global
	GlobalSection(SolutionConfigurationPlatforms) = preSolution
		Debug|Any CPU = Debug|Any CPU
		Release|Any CPU = Release|Any CPU
	EndGlobalSection
	GlobalSection(ProjectConfigurationPlatforms) = postSolution
		{3E6E226C-D6B5-2ABC-01E3-C01DF12FB391}.Debug|Any CPU.ActiveCfg = Debug|Any CPU
		{3E6E226C-D6B5-2ABC-01E3-C01DF12FB391}.Debug|Any CPU.Build.0 = Debug|Any CPU
		{3E6E226C-D6B5-2ABC-01E3-C01DF12FB391}.Release|Any CPU.ActiveCfg = Release|Any CPU
		{3E6E226C-D6B5-2ABC-01E3-C01DF12FB391}.Release|Any CPU.Build.0 = Release|Any CPU
	EndGlobalSection
	GlobalSection(SolutionProperties) = preSolution
		HideSolutionNode = FALSE
	EndGlobalSection
EndGlobal
