Microsoft Visual Studio Solution File, Format Version 11.00
# Visual Studio 2008

Project("{94F25987-7AC8-6A0E-6779-39CFB5E344BD}") = "Thrower3500", "Assembly-CSharp.csproj", "{3C902AFF-716B-2B20-A814-1A0C338136D0}"
EndProject
Project("{94F25987-7AC8-6A0E-6779-39CFB5E344BD}") = "Thrower3500", "Assembly-CSharp-Editor.csproj", "{399EE08B-AE9B-E2F6-6D7F-4778980A50EE}"
EndProject
Global
	GlobalSection(SolutionConfigurationPlatforms) = preSolution
		Debug|Any CPU = Debug|Any CPU
		Release|Any CPU = Release|Any CPU
	EndGlobalSection
	GlobalSection(ProjectConfigurationPlatforms) = postSolution
		{3C902AFF-716B-2B20-A814-1A0C338136D0}.Debug|Any CPU.ActiveCfg = Debug|Any CPU
		{3C902AFF-716B-2B20-A814-1A0C338136D0}.Debug|Any CPU.Build.0 = Debug|Any CPU
		{3C902AFF-716B-2B20-A814-1A0C338136D0}.Release|Any CPU.ActiveCfg = Release|Any CPU
		{3C902AFF-716B-2B20-A814-1A0C338136D0}.Release|Any CPU.Build.0 = Release|Any CPU
		{399EE08B-AE9B-E2F6-6D7F-4778980A50EE}.Debug|Any CPU.ActiveCfg = Debug|Any CPU
		{399EE08B-AE9B-E2F6-6D7F-4778980A50EE}.Debug|Any CPU.Build.0 = Debug|Any CPU
		{399EE08B-AE9B-E2F6-6D7F-4778980A50EE}.Release|Any CPU.ActiveCfg = Release|Any CPU
		{399EE08B-AE9B-E2F6-6D7F-4778980A50EE}.Release|Any CPU.Build.0 = Release|Any CPU
	EndGlobalSection
	GlobalSection(SolutionProperties) = preSolution
		HideSolutionNode = FALSE
	EndGlobalSection
	GlobalSection(MonoDevelopProperties) = preSolution
		StartupItem = Assembly-CSharp.csproj
	EndGlobalSection
EndGlobal
